
Microsoft Visual Studio Solution File, Format Version 9.00
# Visual Studio 2005
Project("{FAE04EC0-301F-11D3-BF4B-00C04F79EFBC}") = "LispBinder", "LispBinder\LispBinder.csproj", "{4371ABE0-05EB-41DB-88CD-AF8C7B2F365A}"
EndProject
Project("{FAE04EC0-301F-11D3-BF4B-00C04F79EFBC}") = "TestLibrary", "TestLibrary\TestLibrary.csproj", "{7528C9D0-7193-4F95-9C31-0A87E98193E5}"
EndProject
Project("{8BC9CEB8-8B4A-11D0-8D11-00A0C91BC942}") = "DllInterface", "DllInterface\DllInterface.vcproj", "{A694E769-03BA-47B9-86D0-29A370A6688B}"
EndProject
Global
	GlobalSection(SolutionConfigurationPlatforms) = preSolution
		Debug|Any CPU = Debug|Any CPU
		Debug|Mixed Platforms = Debug|Mixed Platforms
		Debug|Win32 = Debug|Win32
		Release|Any CPU = Release|Any CPU
		Release|Mixed Platforms = Release|Mixed Platforms
		Release|Win32 = Release|Win32
	EndGlobalSection
	GlobalSection(ProjectConfigurationPlatforms) = postSolution
		{4371ABE0-05EB-41DB-88CD-AF8C7B2F365A}.Debug|Any CPU.ActiveCfg = Debug|Any CPU
		{4371ABE0-05EB-41DB-88CD-AF8C7B2F365A}.Debug|Any CPU.Build.0 = Debug|Any CPU
		{4371ABE0-05EB-41DB-88CD-AF8C7B2F365A}.Debug|Mixed Platforms.ActiveCfg = Debug|Any CPU
		{4371ABE0-05EB-41DB-88CD-AF8C7B2F365A}.Debug|Mixed Platforms.Build.0 = Debug|Any CPU
		{4371ABE0-05EB-41DB-88CD-AF8C7B2F365A}.Debug|Win32.ActiveCfg = Debug|Any CPU
		{4371ABE0-05EB-41DB-88CD-AF8C7B2F365A}.Release|Any CPU.ActiveCfg = Release|Any CPU
		{4371ABE0-05EB-41DB-88CD-AF8C7B2F365A}.Release|Any CPU.Build.0 = Release|Any CPU
		{4371ABE0-05EB-41DB-88CD-AF8C7B2F365A}.Release|Mixed Platforms.ActiveCfg = Release|Any CPU
		{4371ABE0-05EB-41DB-88CD-AF8C7B2F365A}.Release|Mixed Platforms.Build.0 = Release|Any CPU
		{4371ABE0-05EB-41DB-88CD-AF8C7B2F365A}.Release|Win32.ActiveCfg = Release|Any CPU
		{7528C9D0-7193-4F95-9C31-0A87E98193E5}.Debug|Any CPU.ActiveCfg = Debug|Any CPU
		{7528C9D0-7193-4F95-9C31-0A87E98193E5}.Debug|Any CPU.Build.0 = Debug|Any CPU
		{7528C9D0-7193-4F95-9C31-0A87E98193E5}.Debug|Mixed Platforms.ActiveCfg = Debug|Any CPU
		{7528C9D0-7193-4F95-9C31-0A87E98193E5}.Debug|Mixed Platforms.Build.0 = Debug|Any CPU
		{7528C9D0-7193-4F95-9C31-0A87E98193E5}.Debug|Win32.ActiveCfg = Debug|Any CPU
		{7528C9D0-7193-4F95-9C31-0A87E98193E5}.Release|Any CPU.ActiveCfg = Release|Any CPU
		{7528C9D0-7193-4F95-9C31-0A87E98193E5}.Release|Any CPU.Build.0 = Release|Any CPU
		{7528C9D0-7193-4F95-9C31-0A87E98193E5}.Release|Mixed Platforms.ActiveCfg = Release|Any CPU
		{7528C9D0-7193-4F95-9C31-0A87E98193E5}.Release|Mixed Platforms.Build.0 = Release|Any CPU
		{7528C9D0-7193-4F95-9C31-0A87E98193E5}.Release|Win32.ActiveCfg = Release|Any CPU
		{A694E769-03BA-47B9-86D0-29A370A6688B}.Debug|Any CPU.ActiveCfg = Debug|Win32
		{A694E769-03BA-47B9-86D0-29A370A6688B}.Debug|Mixed Platforms.ActiveCfg = Debug|Win32
		{A694E769-03BA-47B9-86D0-29A370A6688B}.Debug|Mixed Platforms.Build.0 = Debug|Win32
		{A694E769-03BA-47B9-86D0-29A370A6688B}.Debug|Win32.ActiveCfg = Debug|Win32
		{A694E769-03BA-47B9-86D0-29A370A6688B}.Debug|Win32.Build.0 = Debug|Win32
		{A694E769-03BA-47B9-86D0-29A370A6688B}.Release|Any CPU.ActiveCfg = Release|Win32
		{A694E769-03BA-47B9-86D0-29A370A6688B}.Release|Mixed Platforms.ActiveCfg = Release|Win32
		{A694E769-03BA-47B9-86D0-29A370A6688B}.Release|Mixed Platforms.Build.0 = Release|Win32
		{A694E769-03BA-47B9-86D0-29A370A6688B}.Release|Win32.ActiveCfg = Release|Win32
		{A694E769-03BA-47B9-86D0-29A370A6688B}.Release|Win32.Build.0 = Release|Win32
	EndGlobalSection
	GlobalSection(SolutionProperties) = preSolution
		HideSolutionNode = FALSE
	EndGlobalSection
EndGlobal
